// !$*UTF8*$!
{
	archiveVersion = 1;
	classes = {
	};
	objectVersion = 50;
	objects = {

/* Begin PBXBuildFile section */
		C3129F1121370655008458B3 /* note.swift in Sources */ = {isa = PBXBuildFile; fileRef = C3129F1021370655008458B3 /* note.swift */; };
		C3129F13213706B8008458B3 /* NoteController.swift in Sources */ = {isa = PBXBuildFile; fileRef = C3129F12213706B8008458B3 /* NoteController.swift */; };
		C364CBFC2136FA750018FE3C /* AppDelegate.swift in Sources */ = {isa = PBXBuildFile; fileRef = C364CBFB2136FA750018FE3C /* AppDelegate.swift */; };
		C364CC012136FA750018FE3C /* Main.storyboard in Resources */ = {isa = PBXBuildFile; fileRef = C364CBFF2136FA750018FE3C /* Main.storyboard */; };
		C364CC032136FA790018FE3C /* Assets.xcassets in Resources */ = {isa = PBXBuildFile; fileRef = C364CC022136FA790018FE3C /* Assets.xcassets */; };
		C364CC062136FA790018FE3C /* LaunchScreen.storyboard in Resources */ = {isa = PBXBuildFile; fileRef = C364CC042136FA790018FE3C /* LaunchScreen.storyboard */; };
		C364CC0E213701510018FE3C /* NotesTableViewController.swift in Sources */ = {isa = PBXBuildFile; fileRef = C364CC0D213701510018FE3C /* NotesTableViewController.swift */; };
		C364CC102137027B0018FE3C /* NoteTableViewCell.swift in Sources */ = {isa = PBXBuildFile; fileRef = C364CC0F2137027B0018FE3C /* NoteTableViewCell.swift */; };
/* End PBXBuildFile section */

/* Begin PBXFileReference section */
		C3129F1021370655008458B3 /* note.swift */ = {isa = PBXFileReference; lastKnownFileType = sourcecode.swift; path = note.swift; sourceTree = "<group>"; };
		C3129F12213706B8008458B3 /* NoteController.swift */ = {isa = PBXFileReference; lastKnownFileType = sourcecode.swift; path = NoteController.swift; sourceTree = "<group>"; };
		C364CBF82136FA740018FE3C /* QuickNotes.app */ = {isa = PBXFileReference; explicitFileType = wrapper.application; includeInIndex = 0; path = QuickNotes.app; sourceTree = BUILT_PRODUCTS_DIR; };
		C364CBFB2136FA750018FE3C /* AppDelegate.swift */ = {isa = PBXFileReference; lastKnownFileType = sourcecode.swift; path = AppDelegate.swift; sourceTree = "<group>"; };
		C364CC002136FA750018FE3C /* Base */ = {isa = PBXFileReference; lastKnownFileType = file.storyboard; name = Base; path = Base.lproj/Main.storyboard; sourceTree = "<group>"; };
		C364CC022136FA790018FE3C /* Assets.xcassets */ = {isa = PBXFileReference; lastKnownFileType = folder.assetcatalog; path = Assets.xcassets; sourceTree = "<group>"; };
		C364CC052136FA790018FE3C /* Base */ = {isa = PBXFileReference; lastKnownFileType = file.storyboard; name = Base; path = Base.lproj/LaunchScreen.storyboard; sourceTree = "<group>"; };
		C364CC072136FA790018FE3C /* Info.plist */ = {isa = PBXFileReference; lastKnownFileType = text.plist.xml; path = Info.plist; sourceTree = "<group>"; };
		C364CC0D213701510018FE3C /* NotesTableViewController.swift */ = {isa = PBXFileReference; lastKnownFileType = sourcecode.swift; path = NotesTableViewController.swift; sourceTree = "<group>"; };
		C364CC0F2137027B0018FE3C /* NoteTableViewCell.swift */ = {isa = PBXFileReference; lastKnownFileType = sourcecode.swift; path = NoteTableViewCell.swift; sourceTree = "<group>"; };
/* End PBXFileReference section */

/* Begin PBXFrameworksBuildPhase section */
		C364CBF52136FA740018FE3C /* Frameworks */ = {
			isa = PBXFrameworksBuildPhase;
			buildActionMask = 2147483647;
			files = (
			);
			runOnlyForDeploymentPostprocessing = 0;
		};
/* End PBXFrameworksBuildPhase section */

/* Begin PBXGroup section */
		C364CBEF2136FA740018FE3C = {
			isa = PBXGroup;
			children = (
				C364CBFA2136FA740018FE3C /* QuickNotes */,
				C364CBF92136FA740018FE3C /* Products */,
			);
			sourceTree = "<group>";
		};
		C364CBF92136FA740018FE3C /* Products */ = {
			isa = PBXGroup;
			children = (
				C364CBF82136FA740018FE3C /* QuickNotes.app */,
			);
			name = Products;
			sourceTree = "<group>";
		};
		C364CBFA2136FA740018FE3C /* QuickNotes */ = {
			isa = PBXGroup;
			children = (
				C364CBFB2136FA750018FE3C /* AppDelegate.swift */,
				C364CBFF2136FA750018FE3C /* Main.storyboard */,
				C364CC0D213701510018FE3C /* NotesTableViewController.swift */,
				C364CC0F2137027B0018FE3C /* NoteTableViewCell.swift */,
				C3129F1021370655008458B3 /* note.swift */,
				C3129F12213706B8008458B3 /* NoteController.swift */,
				C364CC022136FA790018FE3C /* Assets.xcassets */,
				C364CC042136FA790018FE3C /* LaunchScreen.storyboard */,
				C364CC072136FA790018FE3C /* Info.plist */,
			);
			path = QuickNotes;
			sourceTree = "<group>";
		};
/* End PBXGroup section */

/* Begin PBXNativeTarget section */
		C364CBF72136FA740018FE3C /* QuickNotes */ = {
			isa = PBXNativeTarget;
			buildConfigurationList = C364CC0A2136FA790018FE3C /* Build configuration list for PBXNativeTarget "QuickNotes" */;
			buildPhases = (
				C364CBF42136FA740018FE3C /* Sources */,
				C364CBF52136FA740018FE3C /* Frameworks */,
				C364CBF62136FA740018FE3C /* Resources */,
			);
			buildRules = (
			);
			dependencies = (
			);
			name = QuickNotes;
			productName = QuickNotes;
			productReference = C364CBF82136FA740018FE3C /* QuickNotes.app */;
			productType = "com.apple.product-type.application";
		};
/* End PBXNativeTarget section */

/* Begin PBXProject section */
		C364CBF02136FA740018FE3C /* Project object */ = {
			isa = PBXProject;
			attributes = {
				LastSwiftUpdateCheck = 0940;
				LastUpgradeCheck = 0940;
				ORGANIZATIONNAME = "Jerrick Warren";
				TargetAttributes = {
					C364CBF72136FA740018FE3C = {
						CreatedOnToolsVersion = 9.4.1;
					};
				};
			};
			buildConfigurationList = C364CBF32136FA740018FE3C /* Build configuration list for PBXProject "QuickNotes" */;
			compatibilityVersion = "Xcode 9.3";
			developmentRegion = en;
			hasScannedForEncodings = 0;
			knownRegions = (
				en,
				Base,
			);
			mainGroup = C364CBEF2136FA740018FE3C;
			productRefGroup = C364CBF92136FA740018FE3C /* Products */;
			projectDirPath = "";
			projectRoot = "";
			targets = (
				C364CBF72136FA740018FE3C /* QuickNotes */,
			);
		};
/* End PBXProject section */

/* Begin PBXResourcesBuildPhase section */
		C364CBF62136FA740018FE3C /* Resources */ = {
			isa = PBXResourcesBuildPhase;
			buildActionMask = 2147483647;
			files = (
				C364CC062136FA790018FE3C /* LaunchScreen.storyboard in Resources */,
				C364CC032136FA790018FE3C /* Assets.xcassets in Resources */,
				C364CC012136FA750018FE3C /* Main.storyboard in Resources */,
			);
			runOnlyForDeploymentPostprocessing = 0;
		};
/* End PBXResourcesBuildPhase section */

/* Begin PBXSourcesBuildPhase section */
		C364CBF42136FA740018FE3C /* Sources */ = {
			isa = PBXSourcesBuildPhase;
			buildActionMask = 2147483647;
			files = (
				C3129F13213706B8008458B3 /* NoteController.swift in Sources */,
				C3129F1121370655008458B3 /* note.swift in Sources */,
				C364CBFC2136FA750018FE3C /* AppDelegate.swift in Sources */,
				C364CC0E213701510018FE3C /* NotesTableViewController.swift in Sources */,
				C364CC102137027B0018FE3C /* NoteTableViewCell.swift in Sources */,
			);
			runOnlyForDeploymentPostprocessing = 0;
		};
/* End PBXSourcesBuildPhase section */

/* Begin PBXVariantGroup section */
		C364CBFF2136FA750018FE3C /* Main.storyboard */ = {
			isa = PBXVariantGroup;
			children = (
				C364CC002136FA750018FE3C /* Base */,
			);
			name = Main.storyboard;
			sourceTree = "<group>";
		};
		C364CC042136FA790018FE3C /* LaunchScreen.storyboard */ = {
			isa = PBXVariantGroup;
			children = (
				C364CC052136FA790018FE3C /* Base */,
			);
			name = LaunchScreen.storyboard;
			sourceTree = "<group>";
		};
/* End PBXVariantGroup section */

/* Begin XCBuildConfiguration section */
		C364CC082136FA790018FE3C /* Debug */ = {
			isa = XCBuildConfiguration;
			buildSettings = {
				ALWAYS_SEARCH_USER_PATHS = NO;
				CLANG_ANALYZER_NONNULL = YES;
				CLANG_ANALYZER_NUMBER_OBJECT_CONVERSION = YES_AGGRESSIVE;
				CLANG_CXX_LANGUAGE_STANDARD = "gnu++14";
				CLANG_CXX_LIBRARY = "libc++";
				CLANG_ENABLE_MODULES = YES;
				CLANG_ENABLE_OBJC_ARC = YES;
				CLANG_ENABLE_OBJC_WEAK = YES;
				CLANG_WARN_BLOCK_CAPTURE_AUTORELEASING = YES;
				CLANG_WARN_BOOL_CONVERSION = YES;
				CLANG_WARN_COMMA = YES;
				CLANG_WARN_CONSTANT_CONVERSION = YES;
				CLANG_WARN_DEPRECATED_OBJC_IMPLEMENTATIONS = YES;
				CLANG_WARN_DIRECT_OBJC_ISA_USAGE = YES_ERROR;
				CLANG_WARN_DOCUMENTATION_COMMENTS = YES;
				CLANG_WARN_EMPTY_BODY = YES;
				CLANG_WARN_ENUM_CONVERSION = YES;
				CLANG_WARN_INFINITE_RECURSION = YES;
				CLANG_WARN_INT_CONVERSION = YES;
				CLANG_WARN_NON_LITERAL_NULL_CONVERSION = YES;
				CLANG_WARN_OBJC_IMPLICIT_RETAIN_SELF = YES;
				CLANG_WARN_OBJC_LITERAL_CONVERSION = YES;
				CLANG_WARN_OBJC_ROOT_CLASS = YES_ERROR;
				CLANG_WARN_RANGE_LOOP_ANALYSIS = YES;
				CLANG_WARN_STRICT_PROTOTYPES = YES;
				CLANG_WARN_SUSPICIOUS_MOVE = YES;
				CLANG_WARN_UNGUARDED_AVAILABILITY = YES_AGGRESSIVE;
				CLANG_WARN_UNREACHABLE_CODE = YES;
				CLANG_WARN__DUPLICATE_METHOD_MATCH = YES;
				CODE_SIGN_IDENTITY = "iPhone Developer";
				COPY_PHASE_STRIP = NO;
				DEBUG_INFORMATION_FORMAT = dwarf;
				ENABLE_STRICT_OBJC_MSGSEND = YES;
				ENABLE_TESTABILITY = YES;
				GCC_C_LANGUAGE_STANDARD = gnu11;
				GCC_DYNAMIC_NO_PIC = NO;
				GCC_NO_COMMON_BLOCKS = YES;
				GCC_OPTIMIZATION_LEVEL = 0;
				GCC_PREPROCESSOR_DEFINITIONS = (
					"DEBUG=1",
					"$(inherited)",
				);
				GCC_WARN_64_TO_32_BIT_CONVERSION = YES;
				GCC_WARN_ABOUT_RETURN_TYPE = YES_ERROR;
				GCC_WARN_UNDECLARED_SELECTOR = YES;
				GCC_WARN_UNINITIALIZED_AUTOS = YES_AGGRESSIVE;
				GCC_WARN_UNUSED_FUNCTION = YES;
				GCC_WARN_UNUSED_VARIABLE = YES;
				IPHONEOS_DEPLOYMENT_TARGET = 11.4;
				MTL_ENABLE_DEBUG_INFO = YES;
				ONLY_ACTIVE_ARCH = YES;
				SDKROOT = iphoneos;
				SWIFT_ACTIVE_COMPILATION_CONDITIONS = DEBUG;
				SWIFT_OPTIMIZATION_LEVEL = "-Onone";
			};
			name = Debug;
		};
		C364CC092136FA790018FE3C /* Release */ = {
			isa = XCBuildConfiguration;
			buildSettings = {
				ALWAYS_SEARCH_USER_PATHS = NO;
				CLANG_ANALYZER_NONNULL = YES;
				CLANG_ANALYZER_NUMBER_OBJECT_CONVERSION = YES_AGGRESSIVE;
				CLANG_CXX_LANGUAGE_STANDARD = "gnu++14";
				CLANG_CXX_LIBRARY = "libc++";
				CLANG_ENABLE_MODULES = YES;
				CLANG_ENABLE_OBJC_ARC = YES;
				CLANG_ENABLE_OBJC_WEAK = YES;
				CLANG_WARN_BLOCK_CAPTURE_AUTORELEASING = YES;
				CLANG_WARN_BOOL_CONVERSION = YES;
				CLANG_WARN_COMMA = YES;
				CLANG_WARN_CONSTANT_CONVERSION = YES;
				CLANG_WARN_DEPRECATED_OBJC_IMPLEMENTATIONS = YES;
				CLANG_WARN_DIRECT_OBJC_ISA_USAGE = YES_ERROR;
				CLANG_WARN_DOCUMENTATION_COMMENTS = YES;
				CLANG_WARN_EMPTY_BODY = YES;
				CLANG_WARN_ENUM_CONVERSION = YES;
				CLANG_WARN_INFINITE_RECURSION = YES;
				CLANG_WARN_INT_CONVERSION = YES;
				CLANG_WARN_NON_LITERAL_NULL_CONVERSION = YES;
				CLANG_WARN_OBJC_IMPLICIT_RETAIN_SELF = YES;
				CLANG_WARN_OBJC_LITERAL_CONVERSION = YES;
				CLANG_WARN_OBJC_ROOT_CLASS = YES_ERROR;
				CLANG_WARN_RANGE_LOOP_ANALYSIS = YES;
				CLANG_WARN_STRICT_PROTOTYPES = YES;
				CLANG_WARN_SUSPICIOUS_MOVE = YES;
				CLANG_WARN_UNGUARDED_AVAILABILITY = YES_AGGRESSIVE;
				CLANG_WARN_UNREACHABLE_CODE = YES;
				CLANG_WARN__DUPLICATE_METHOD_MATCH = YES;
				CODE_SIGN_IDENTITY = "iPhone Developer";
				COPY_PHASE_STRIP = NO;
				DEBUG_INFORMATION_FORMAT = "dwarf-with-dsym";
				ENABLE_NS_ASSERTIONS = NO;
				ENABLE_STRICT_OBJC_MSGSEND = YES;
				GCC_C_LANGUAGE_STANDARD = gnu11;
				GCC_NO_COMMON_BLOCKS = YES;
				GCC_WARN_64_TO_32_BIT_CONVERSION = YES;
				GCC_WARN_ABOUT_RETURN_TYPE = YES_ERROR;
				GCC_WARN_UNDECLARED_SELECTOR = YES;
				GCC_WARN_UNINITIALIZED_AUTOS = YES_AGGRESSIVE;
				GCC_WARN_UNUSED_FUNCTION = YES;
				GCC_WARN_UNUSED_VARIABLE = YES;
				IPHONEOS_DEPLOYMENT_TARGET = 11.4;
				MTL_ENABLE_DEBUG_INFO = NO;
				SDKROOT = iphoneos;
				SWIFT_COMPILATION_MODE = wholemodule;
				SWIFT_OPTIMIZATION_LEVEL = "-O";
				VALIDATE_PRODUCT = YES;
			};
			name = Release;
		};
		C364CC0B2136FA790018FE3C /* Debug */ = {
			isa = XCBuildConfiguration;
			buildSettings = {
				ASSETCATALOG_COMPILER_APPICON_NAME = AppIcon;
				CODE_SIGN_STYLE = Automatic;
				DEVELOPMENT_TEAM = 7JG93VFG2G;
				INFOPLIST_FILE = QuickNotes/Info.plist;
				LD_RUNPATH_SEARCH_PATHS = (
					"$(inherited)",
					"@executable_path/Frameworks",
				);
				PRODUCT_BUNDLE_IDENTIFIER = com.JerrickWarren.QuickNotes;
				PRODUCT_NAME = "$(TARGET_NAME)";
				SWIFT_VERSION = 4.0;
				TARGETED_DEVICE_FAMILY = "1,2";
			};
			name = Debug;
		};
		C364CC0C2136FA790018FE3C /* Release */ = {
			isa = XCBuildConfiguration;
			buildSettings = {
				ASSETCATALOG_COMPILER_APPICON_NAME = AppIcon;
				CODE_SIGN_STYLE = Automatic;
				DEVELOPMENT_TEAM = 7JG93VFG2G;
				INFOPLIST_FILE = QuickNotes/Info.plist;
				LD_RUNPATH_SEARCH_PATHS = (
					"$(inherited)",
					"@executable_path/Frameworks",
				);
				PRODUCT_BUNDLE_IDENTIFIER = com.JerrickWarren.QuickNotes;
				PRODUCT_NAME = "$(TARGET_NAME)";
				SWIFT_VERSION = 4.0;
				TARGETED_DEVICE_FAMILY = "1,2";
			};
			name = Release;
		};
/* End XCBuildConfiguration section */

/* Begin XCConfigurationList section */
		C364CBF32136FA740018FE3C /* Build configuration list for PBXProject "QuickNotes" */ = {
			isa = XCConfigurationList;
			buildConfigurations = (
				C364CC082136FA790018FE3C /* Debug */,
				C364CC092136FA790018FE3C /* Release */,
			);
			defaultConfigurationIsVisible = 0;
			defaultConfigurationName = Release;
		};
		C364CC0A2136FA790018FE3C /* Build configuration list for PBXNativeTarget "QuickNotes" */ = {
			isa = XCConfigurationList;
			buildConfigurations = (
				C364CC0B2136FA790018FE3C /* Debug */,
				C364CC0C2136FA790018FE3C /* Release */,
			);
			defaultConfigurationIsVisible = 0;
			defaultConfigurationName = Release;
		};
/* End XCConfigurationList section */
	};
	rootObject = C364CBF02136FA740018FE3C /* Project object */;
}
